Microsoft Visual Studio Solution File, Format Version 12.00
# Visual Studio Version 16
VisualStudioVersion = 16.0.29806.167
MinimumVisualStudioVersion = 10.0.40219.1
Project("{9A19103F-16F7-4668-BE54-9A1E7A4F7556}") = "Scryber.Common", "Scryber.Common\Scryber.Common.csproj", "{EC95C47B-4B2B-4AC4-8467-FA8CB9F6DC4E}"
EndProject
Project("{9A19103F-16F7-4668-BE54-9A1E7A4F7556}") = "Scryber.Drawing", "Scryber.Drawing\Scryber.Drawing.csproj", "{540F3E9B-9E58-4A6F-9AEB-FEA8497690D3}"
EndProject
Project("{9A19103F-16F7-4668-BE54-9A1E7A4F7556}") = "Scryber.Styles", "Scryber.Styles\Scryber.Styles.csproj", "{187F5438-A9CB-4E85-AEFC-14D8E387ABE8}"
EndProject
Project("{9A19103F-16F7-4668-BE54-9A1E7A4F7556}") = "Scryber.Generation", "Scryber.Generation\Scryber.Generation.csproj", "{82DC9DDF-DED3-472F-9822-CA3EB0017DF3}"
EndProject
Project("{FAE04EC0-301F-11D3-BF4B-00C04F79EFBC}") = "Scryber.Components", "Scryber.Components\Scryber.Components.csproj", "{5FE37698-9469-427D-BB7B-BA4D7ECC5599}"
EndProject
Project("{9A19103F-16F7-4668-BE54-9A1E7A4F7556}") = "Scryber.Components.Mvc", "Scryber.Components.Mvc\Scryber.Components.Mvc.csproj", "{B335EFBC-5BE1-4CAD-AD75-7075FA643EE2}"
EndProject
Project("{2150E333-8FDC-42A3-9474-1A3956D46DE8}") = "Scryber.Core.Schemas", "Scryber.Core.Schemas", "{75B6EFDC-0508-4DA7-A090-D393E4416049}"
	ProjectSection(SolutionItems) = preProject
		Scryber.Core.Schemas\Scryber.Base.xsd = Scryber.Core.Schemas\Scryber.Base.xsd
		Scryber.Core.Schemas\Scryber.Components.xsd = Scryber.Core.Schemas\Scryber.Components.xsd
		Scryber.Core.Schemas\Scryber.Core.Schemas.nuspec = Scryber.Core.Schemas\Scryber.Core.Schemas.nuspec
		Scryber.Core.Schemas\Scryber.Data.xsd = Scryber.Core.Schemas\Scryber.Data.xsd
		Scryber.Core.Schemas\Scryber.Styles.xsd = Scryber.Core.Schemas\Scryber.Styles.xsd
		Scryber.Core.Schemas\Scryber.Types.xsd = Scryber.Core.Schemas\Scryber.Types.xsd
	EndProjectSection
EndProject
Project("{2150E333-8FDC-42A3-9474-1A3956D46DE8}") = "docs", "docs", "{B291362D-A874-45F3-9A31-0127AEC19190}"
	ProjectSection(SolutionItems) = preProject
		docs\_config.yml = docs\_config.yml
		docs\conf.py = docs\conf.py
		docs\index.rst = docs\index.rst
		docs\libgdiplus.md = docs\libgdiplus.md
	EndProjectSection
EndProject
Project("{2150E333-8FDC-42A3-9474-1A3956D46DE8}") = "images", "images", "{A8F3B995-F089-4333-A4D0-789359C00E25}"
EndProject
Project("{2150E333-8FDC-42A3-9474-1A3956D46DE8}") = "Solution Items", "Solution Items", "{7E9620B1-26E8-4F2A-BDB4-64488827BBEF}"
	ProjectSection(SolutionItems) = preProject
		LICENSE.md = LICENSE.md
		README.md = README.md
		ScyberLogo2_alpha_small.png = ScyberLogo2_alpha_small.png
		Directory.Build.props = Directory.Build.props
		Scryber.Core.nuspec = Scryber.Core.nuspec
		ARCHITECTURE.md = ARCHITECTURE.md
	EndProjectSection
EndProject
Project("{FAE04EC0-301F-11D3-BF4B-00C04F79EFBC}") = "Scryber.Expressive", "Scryber.Expressions\Scryber.Expressive.csproj", "{813BEF24-BA3B-4E9C-8BDC-CA5084B2162E}"
EndProject
Project("{FAE04EC0-301F-11D3-BF4B-00C04F79EFBC}") = "Scryber.UnitTests", "Scryber.UnitTest\Scryber.UnitTests.csproj", "{6930F3FB-89E2-4E30-A29F-2BFBF5FD0DEF}"
EndProject
Project("{FAE04EC0-301F-11D3-BF4B-00C04F79EFBC}") = "Scryber.UnitSamples", "Scryber.UnitSamples\Scryber.UnitSamples.csproj", "{53BCE881-8B7E-4FB7-BA04-DC741F6DDCAA}"
EndProject
Project("{FAE04EC0-301F-11D3-BF4B-00C04F79EFBC}") = "Scryber.Imaging", "Scryber.Imaging\Scryber.Imaging.csproj", "{B69052AD-968E-4A26-A054-B936F064F739}"
EndProject
Project("{FAE04EC0-301F-11D3-BF4B-00C04F79EFBC}") = "Scryber.UnitLayouts", "Scryber.UnitLayouts\Scryber.UnitLayouts.csproj", "{38F1C0BB-AB28-4125-8D25-18BFD9178598}"
EndProject
Global
	GlobalSection(SolutionConfigurationPlatforms) = preSolution
		Debug|Any CPU = Debug|Any CPU
		Default|Any CPU = Default|Any CPU
		Release|Any CPU = Release|Any CPU
	EndGlobalSection
	GlobalSection(ProjectConfigurationPlatforms) = postSolution
		{EC95C47B-4B2B-4AC4-8467-FA8CB9F6DC4E}.Debug|Any CPU.ActiveCfg = Debug|Any CPU
		{EC95C47B-4B2B-4AC4-8467-FA8CB9F6DC4E}.Debug|Any CPU.Build.0 = Debug|Any CPU
		{EC95C47B-4B2B-4AC4-8467-FA8CB9F6DC4E}.Default|Any CPU.ActiveCfg = Debug|Any CPU
		{EC95C47B-4B2B-4AC4-8467-FA8CB9F6DC4E}.Default|Any CPU.Build.0 = Debug|Any CPU
		{EC95C47B-4B2B-4AC4-8467-FA8CB9F6DC4E}.Release|Any CPU.ActiveCfg = Release|Any CPU
		{EC95C47B-4B2B-4AC4-8467-FA8CB9F6DC4E}.Release|Any CPU.Build.0 = Release|Any CPU
		{540F3E9B-9E58-4A6F-9AEB-FEA8497690D3}.Debug|Any CPU.ActiveCfg = Debug|Any CPU
		{540F3E9B-9E58-4A6F-9AEB-FEA8497690D3}.Debug|Any CPU.Build.0 = Debug|Any CPU
		{540F3E9B-9E58-4A6F-9AEB-FEA8497690D3}.Default|Any CPU.ActiveCfg = Debug|Any CPU
		{540F3E9B-9E58-4A6F-9AEB-FEA8497690D3}.Default|Any CPU.Build.0 = Debug|Any CPU
		{540F3E9B-9E58-4A6F-9AEB-FEA8497690D3}.Release|Any CPU.ActiveCfg = Release|Any CPU
		{540F3E9B-9E58-4A6F-9AEB-FEA8497690D3}.Release|Any CPU.Build.0 = Release|Any CPU
		{187F5438-A9CB-4E85-AEFC-14D8E387ABE8}.Debug|Any CPU.ActiveCfg = Debug|Any CPU
		{187F5438-A9CB-4E85-AEFC-14D8E387ABE8}.Debug|Any CPU.Build.0 = Debug|Any CPU
		{187F5438-A9CB-4E85-AEFC-14D8E387ABE8}.Default|Any CPU.ActiveCfg = Debug|Any CPU
		{187F5438-A9CB-4E85-AEFC-14D8E387ABE8}.Default|Any CPU.Build.0 = Debug|Any CPU
		{187F5438-A9CB-4E85-AEFC-14D8E387ABE8}.Release|Any CPU.ActiveCfg = Release|Any CPU
		{187F5438-A9CB-4E85-AEFC-14D8E387ABE8}.Release|Any CPU.Build.0 = Release|Any CPU
		{82DC9DDF-DED3-472F-9822-CA3EB0017DF3}.Debug|Any CPU.ActiveCfg = Debug|Any CPU
		{82DC9DDF-DED3-472F-9822-CA3EB0017DF3}.Debug|Any CPU.Build.0 = Debug|Any CPU
		{82DC9DDF-DED3-472F-9822-CA3EB0017DF3}.Default|Any CPU.ActiveCfg = Debug|Any CPU
		{82DC9DDF-DED3-472F-9822-CA3EB0017DF3}.Default|Any CPU.Build.0 = Debug|Any CPU
		{82DC9DDF-DED3-472F-9822-CA3EB0017DF3}.Release|Any CPU.ActiveCfg = Release|Any CPU
		{82DC9DDF-DED3-472F-9822-CA3EB0017DF3}.Release|Any CPU.Build.0 = Release|Any CPU
		{5FE37698-9469-427D-BB7B-BA4D7ECC5599}.Debug|Any CPU.ActiveCfg = Debug|Any CPU
		{5FE37698-9469-427D-BB7B-BA4D7ECC5599}.Debug|Any CPU.Build.0 = Debug|Any CPU
		{5FE37698-9469-427D-BB7B-BA4D7ECC5599}.Default|Any CPU.ActiveCfg = Debug|Any CPU
		{5FE37698-9469-427D-BB7B-BA4D7ECC5599}.Default|Any CPU.Build.0 = Debug|Any CPU
		{5FE37698-9469-427D-BB7B-BA4D7ECC5599}.Release|Any CPU.ActiveCfg = Release|Any CPU
		{5FE37698-9469-427D-BB7B-BA4D7ECC5599}.Release|Any CPU.Build.0 = Release|Any CPU
		{B335EFBC-5BE1-4CAD-AD75-7075FA643EE2}.Debug|Any CPU.ActiveCfg = Debug|Any CPU
		{B335EFBC-5BE1-4CAD-AD75-7075FA643EE2}.Debug|Any CPU.Build.0 = Debug|Any CPU
		{B335EFBC-5BE1-4CAD-AD75-7075FA643EE2}.Default|Any CPU.ActiveCfg = Debug|Any CPU
		{B335EFBC-5BE1-4CAD-AD75-7075FA643EE2}.Default|Any CPU.Build.0 = Debug|Any CPU
		{B335EFBC-5BE1-4CAD-AD75-7075FA643EE2}.Release|Any CPU.ActiveCfg = Release|Any CPU
		{B335EFBC-5BE1-4CAD-AD75-7075FA643EE2}.Release|Any CPU.Build.0 = Release|Any CPU
		{813BEF24-BA3B-4E9C-8BDC-CA5084B2162E}.Debug|Any CPU.ActiveCfg = Debug|Any CPU
		{813BEF24-BA3B-4E9C-8BDC-CA5084B2162E}.Debug|Any CPU.Build.0 = Debug|Any CPU
		{813BEF24-BA3B-4E9C-8BDC-CA5084B2162E}.Default|Any CPU.ActiveCfg = Debug|Any CPU
		{813BEF24-BA3B-4E9C-8BDC-CA5084B2162E}.Default|Any CPU.Build.0 = Debug|Any CPU
		{813BEF24-BA3B-4E9C-8BDC-CA5084B2162E}.Release|Any CPU.ActiveCfg = Release|Any CPU
		{813BEF24-BA3B-4E9C-8BDC-CA5084B2162E}.Release|Any CPU.Build.0 = Release|Any CPU
		{6930F3FB-89E2-4E30-A29F-2BFBF5FD0DEF}.Debug|Any CPU.ActiveCfg = Debug|Any CPU
		{6930F3FB-89E2-4E30-A29F-2BFBF5FD0DEF}.Debug|Any CPU.Build.0 = Debug|Any CPU
		{6930F3FB-89E2-4E30-A29F-2BFBF5FD0DEF}.Default|Any CPU.ActiveCfg = Debug|Any CPU
		{6930F3FB-89E2-4E30-A29F-2BFBF5FD0DEF}.Default|Any CPU.Build.0 = Debug|Any CPU
		{6930F3FB-89E2-4E30-A29F-2BFBF5FD0DEF}.Release|Any CPU.ActiveCfg = Release|Any CPU
		{6930F3FB-89E2-4E30-A29F-2BFBF5FD0DEF}.Release|Any CPU.Build.0 = Release|Any CPU
		{53BCE881-8B7E-4FB7-BA04-DC741F6DDCAA}.Debug|Any CPU.ActiveCfg = Debug|Any CPU
		{53BCE881-8B7E-4FB7-BA04-DC741F6DDCAA}.Debug|Any CPU.Build.0 = Debug|Any CPU
		{53BCE881-8B7E-4FB7-BA04-DC741F6DDCAA}.Default|Any CPU.ActiveCfg = Debug|Any CPU
		{53BCE881-8B7E-4FB7-BA04-DC741F6DDCAA}.Default|Any CPU.Build.0 = Debug|Any CPU
		{53BCE881-8B7E-4FB7-BA04-DC741F6DDCAA}.Release|Any CPU.ActiveCfg = Release|Any CPU
		{53BCE881-8B7E-4FB7-BA04-DC741F6DDCAA}.Release|Any CPU.Build.0 = Release|Any CPU
		{B69052AD-968E-4A26-A054-B936F064F739}.Debug|Any CPU.ActiveCfg = Debug|Any CPU
		{B69052AD-968E-4A26-A054-B936F064F739}.Debug|Any CPU.Build.0 = Debug|Any CPU
		{B69052AD-968E-4A26-A054-B936F064F739}.Default|Any CPU.ActiveCfg = Debug|Any CPU
		{B69052AD-968E-4A26-A054-B936F064F739}.Default|Any CPU.Build.0 = Debug|Any CPU
		{B69052AD-968E-4A26-A054-B936F064F739}.Release|Any CPU.ActiveCfg = Release|Any CPU
		{B69052AD-968E-4A26-A054-B936F064F739}.Release|Any CPU.Build.0 = Release|Any CPU
		{38F1C0BB-AB28-4125-8D25-18BFD9178598}.Debug|Any CPU.ActiveCfg = Debug|Any CPU
		{38F1C0BB-AB28-4125-8D25-18BFD9178598}.Debug|Any CPU.Build.0 = Debug|Any CPU
		{38F1C0BB-AB28-4125-8D25-18BFD9178598}.Default|Any CPU.ActiveCfg = Debug|Any CPU
		{38F1C0BB-AB28-4125-8D25-18BFD9178598}.Default|Any CPU.Build.0 = Debug|Any CPU
		{38F1C0BB-AB28-4125-8D25-18BFD9178598}.Release|Any CPU.ActiveCfg = Release|Any CPU
		{38F1C0BB-AB28-4125-8D25-18BFD9178598}.Release|Any CPU.Build.0 = Release|Any CPU
	EndGlobalSection
	GlobalSection(SolutionProperties) = preSolution
		HideSolutionNode = FALSE
	EndGlobalSection
	GlobalSection(NestedProjects) = preSolution
		{A8F3B995-F089-4333-A4D0-789359C00E25} = {B291362D-A874-45F3-9A31-0127AEC19190}
	EndGlobalSection
	GlobalSection(ExtensibilityGlobals) = postSolution
		SolutionGuid = {43103F0A-F9CB-4C80-9DD9-6F58FF0A2918}
	EndGlobalSection
EndGlobal
